// !$*UTF8*$!
{
	archiveVersion = 1;
	classes = {
	};
	objectVersion = 46;
	objects = {

/* Begin PBXBuildFile section */
		9A12D1BC1D476A3300A2BCDE /* AddUserInfoStep1ViewController.m in Sources */ = {isa = PBXBuildFile; fileRef = 9A12D1BB1D476A3300A2BCDE /* AddUserInfoStep1ViewController.m */; };
		9A12D1BE1D476A5F00A2BCDE /* AddUserInfoStep1ViewController.xib in Resources */ = {isa = PBXBuildFile; fileRef = 9A12D1BD1D476A5F00A2BCDE /* AddUserInfoStep1ViewController.xib */; };
		9A12D1C01D4897CE00A2BCDE /* login_line@2x.png in Resources */ = {isa = PBXBuildFile; fileRef = 9A12D1BF1D4897CE00A2BCDE /* login_line@2x.png */; };
		9A12D1C31D48AE1700A2BCDE /* IceOAuthCredential.m in Sources */ = {isa = PBXBuildFile; fileRef = 9A12D1C21D48AE1700A2BCDE /* IceOAuthCredential.m */; };
		9A12D1D71D4AF50200A2BCDE /* signin_checkbox1@2x.png in Resources */ = {isa = PBXBuildFile; fileRef = 9A12D1D51D4AF50200A2BCDE /* signin_checkbox1@2x.png */; };
		9A12D1D81D4AF50200A2BCDE /* signin_checkbox2@2x.png in Resources */ = {isa = PBXBuildFile; fileRef = 9A12D1D61D4AF50200A2BCDE /* signin_checkbox2@2x.png */; };
		9A2D9B401D41DCB400A2CB96 /* DLUDID.m in Sources */ = {isa = PBXBuildFile; fileRef = 9A2D9B3F1D41DCB400A2CB96 /* DLUDID.m */; };
		9A2D9B461D41DD1B00A2CB96 /* SSKeychain.m in Sources */ = {isa = PBXBuildFile; fileRef = 9A2D9B431D41DD1B00A2CB96 /* SSKeychain.m */; };
		9A2D9B471D41DD1B00A2CB96 /* SSKeychainQuery.m in Sources */ = {isa = PBXBuildFile; fileRef = 9A2D9B451D41DD1B00A2CB96 /* SSKeychainQuery.m */; };
		9A5D9A591D4B467C0050F1B2 /* AddUserInfoStep2ViewController.m in Sources */ = {isa = PBXBuildFile; fileRef = 9A5D9A571D4B467C0050F1B2 /* AddUserInfoStep2ViewController.m */; };
		9A5D9A5A1D4B467C0050F1B2 /* AddUserInfoStep2ViewController.xib in Resources */ = {isa = PBXBuildFile; fileRef = 9A5D9A581D4B467C0050F1B2 /* AddUserInfoStep2ViewController.xib */; };
		9A77D4181D4EEAE500BD8A78 /* tab_icon_plan@2x.png in Resources */ = {isa = PBXBuildFile; fileRef = 9A77D4151D4EEAE500BD8A78 /* tab_icon_plan@2x.png */; };
		9A77D4191D4EEAE500BD8A78 /* tab_icon_search@2x.png in Resources */ = {isa = PBXBuildFile; fileRef = 9A77D4161D4EEAE500BD8A78 /* tab_icon_search@2x.png */; };
		9A77D41A1D4EEAE500BD8A78 /* tab_icon_user@2x.png in Resources */ = {isa = PBXBuildFile; fileRef = 9A77D4171D4EEAE500BD8A78 /* tab_icon_user@2x.png */; };
		9A77D41C1D4EED0900BD8A78 /* search_bg1.jpg in Resources */ = {isa = PBXBuildFile; fileRef = 9A77D41B1D4EED0900BD8A78 /* search_bg1.jpg */; };
		9A77D4211D4EEF3500BD8A78 /* tab_bg@2x.png in Resources */ = {isa = PBXBuildFile; fileRef = 9A77D41D1D4EEF3500BD8A78 /* tab_bg@2x.png */; };
		9A77D4271D4EF1B200BD8A78 /* search_btn_search@2x.png in Resources */ = {isa = PBXBuildFile; fileRef = 9A77D4251D4EF1B200BD8A78 /* search_btn_search@2x.png */; };
		9A77D4281D4EF1B200BD8A78 /* search_txt_bg@2x.png in Resources */ = {isa = PBXBuildFile; fileRef = 9A77D4261D4EF1B200BD8A78 /* search_txt_bg@2x.png */; };
		9A8225C61D50639600CBFF0D /* SearchResultTableViewController.m in Sources */ = {isa = PBXBuildFile; fileRef = 9A8225C41D50639600CBFF0D /* SearchResultTableViewController.m */; };
		9A8225C71D50639600CBFF0D /* SearchResultTableViewController.xib in Resources */ = {isa = PBXBuildFile; fileRef = 9A8225C51D50639600CBFF0D /* SearchResultTableViewController.xib */; };
		9A8225D61D5087CF00CBFF0D /* CityData.plist in Resources */ = {isa = PBXBuildFile; fileRef = 9A8225C91D5087CF00CBFF0D /* CityData.plist */; };
		9A8225D71D5087CF00CBFF0D /* CityData.xml in Resources */ = {isa = PBXBuildFile; fileRef = 9A8225CA1D5087CF00CBFF0D /* CityData.xml */; };
		9A8225D81D5087CF00CBFF0D /* TLCity.m in Sources */ = {isa = PBXBuildFile; fileRef = 9A8225CC1D5087CF00CBFF0D /* TLCity.m */; };
		9A8225D91D5087CF00CBFF0D /* TLCityGroupCell.m in Sources */ = {isa = PBXBuildFile; fileRef = 9A8225CE1D5087CF00CBFF0D /* TLCityGroupCell.m */; };
		9A8225DA1D5087CF00CBFF0D /* TLCityHeaderView.m in Sources */ = {isa = PBXBuildFile; fileRef = 9A8225D01D5087CF00CBFF0D /* TLCityHeaderView.m */; };
		9A8225DB1D5087CF00CBFF0D /* TLCityPickerController.m in Sources */ = {isa = PBXBuildFile; fileRef = 9A8225D21D5087CF00CBFF0D /* TLCityPickerController.m */; };
		9A8225DC1D5087CF00CBFF0D /* TLCityPickerSearchResultController.m in Sources */ = {isa = PBXBuildFile; fileRef = 9A8225D51D5087CF00CBFF0D /* TLCityPickerSearchResultController.m */; };
		9A8225DF1D51BEA600CBFF0D /* BaseViewController.m in Sources */ = {isa = PBXBuildFile; fileRef = 9A8225DE1D51BEA600CBFF0D /* BaseViewController.m */; };
		9A8225E81D52E33100CBFF0D /* common_defaulthead@2x.png in Resources */ = {isa = PBXBuildFile; fileRef = 9A8225E01D52E33100CBFF0D /* common_defaulthead@2x.png */; };
		9A8225E91D52E33100CBFF0D /* common_icon_calendar@2x.png in Resources */ = {isa = PBXBuildFile; fileRef = 9A8225E11D52E33100CBFF0D /* common_icon_calendar@2x.png */; };
		9A8225EA1D52E33100CBFF0D /* common_icon_grayarrow@2x.png in Resources */ = {isa = PBXBuildFile; fileRef = 9A8225E21D52E33100CBFF0D /* common_icon_grayarrow@2x.png */; };
		9A8225EB1D52E33100CBFF0D /* common_icon_graysearch@2x.png in Resources */ = {isa = PBXBuildFile; fileRef = 9A8225E31D52E33100CBFF0D /* common_icon_graysearch@2x.png */; };
		9A8225EC1D52E33100CBFF0D /* common_icon_location@2x.png in Resources */ = {isa = PBXBuildFile; fileRef = 9A8225E41D52E33100CBFF0D /* common_icon_location@2x.png */; };
		9A8225ED1D52E33100CBFF0D /* common_icon_redarrow@2x.png in Resources */ = {isa = PBXBuildFile; fileRef = 9A8225E51D52E33100CBFF0D /* common_icon_redarrow@2x.png */; };
		9A8225EE1D52E33100CBFF0D /* common_icon_share@2x.png in Resources */ = {isa = PBXBuildFile; fileRef = 9A8225E61D52E33100CBFF0D /* common_icon_share@2x.png */; };
		9A8225EF1D52E33100CBFF0D /* common_icon_star@2x.png in Resources */ = {isa = PBXBuildFile; fileRef = 9A8225E71D52E33100CBFF0D /* common_icon_star@2x.png */; };
		9A8225F11D52E85800CBFF0D /* common_icon_back@2x.png in Resources */ = {isa = PBXBuildFile; fileRef = 9A8225F01D52E85800CBFF0D /* common_icon_back@2x.png */; };
		9A8225F31D52EF7B00CBFF0D /* planlist_topbar@2x.png in Resources */ = {isa = PBXBuildFile; fileRef = 9A8225F21D52EF7B00CBFF0D /* planlist_topbar@2x.png */; };
		9A8225F81D53394900CBFF0D /* PlanlistTableViewCell.m in Sources */ = {isa = PBXBuildFile; fileRef = 9A8225F61D53394900CBFF0D /* PlanlistTableViewCell.m */; };
		9A8225F91D53394900CBFF0D /* PlanlistTableViewCell.xib in Resources */ = {isa = PBXBuildFile; fileRef = 9A8225F71D53394900CBFF0D /* PlanlistTableViewCell.xib */; };
		9A8225FD1D58237100CBFF0D /* MapTableViewCell.m in Sources */ = {isa = PBXBuildFile; fileRef = 9A8225FB1D58237100CBFF0D /* MapTableViewCell.m */; };
		9A8225FE1D58237100CBFF0D /* MapTableViewCell.xib in Resources */ = {isa = PBXBuildFile; fileRef = 9A8225FC1D58237100CBFF0D /* MapTableViewCell.xib */; };
		9A8226011D587BC100CBFF0D /* AMapTipAnnotation.m in Sources */ = {isa = PBXBuildFile; fileRef = 9A8226001D587BC100CBFF0D /* AMapTipAnnotation.m */; };
		9A8226071D598AFA00CBFF0D /* sigin_icon_neutral@2x.png in Resources */ = {isa = PBXBuildFile; fileRef = 9A8226021D598AFA00CBFF0D /* sigin_icon_neutral@2x.png */; };
		9A8226081D598AFA00CBFF0D /* sigin_icon_ww@2x.png in Resources */ = {isa = PBXBuildFile; fileRef = 9A8226031D598AFA00CBFF0D /* sigin_icon_ww@2x.png */; };
		9A8226091D598AFA00CBFF0D /* signin_icon_man@2x.png in Resources */ = {isa = PBXBuildFile; fileRef = 9A8226041D598AFA00CBFF0D /* signin_icon_man@2x.png */; };
		9A82260A1D598AFA00CBFF0D /* signin_icon_mm@2x.png in Resources */ = {isa = PBXBuildFile; fileRef = 9A8226051D598AFA00CBFF0D /* signin_icon_mm@2x.png */; };
		9A82260B1D598AFA00CBFF0D /* signin_icon_woman@2x.png in Resources */ = {isa = PBXBuildFile; fileRef = 9A8226061D598AFA00CBFF0D /* signin_icon_woman@2x.png */; };
		9A8226111D598D2600CBFF0D /* sigin_icon_neutral_h@2x.png in Resources */ = {isa = PBXBuildFile; fileRef = 9A82260C1D598D2600CBFF0D /* sigin_icon_neutral_h@2x.png */; };
		9A8226121D598D2600CBFF0D /* sigin_icon_ww_h@2x.png in Resources */ = {isa = PBXBuildFile; fileRef = 9A82260D1D598D2600CBFF0D /* sigin_icon_ww_h@2x.png */; };
		9A8226131D598D2600CBFF0D /* signin_icon_man_h@2x.png in Resources */ = {isa = PBXBuildFile; fileRef = 9A82260E1D598D2600CBFF0D /* signin_icon_man_h@2x.png */; };
		9A8226141D598D2600CBFF0D /* signin_icon_mm_h@2x.png in Resources */ = {isa = PBXBuildFile; fileRef = 9A82260F1D598D2600CBFF0D /* signin_icon_mm_h@2x.png */; };
		9A8226151D598D2600CBFF0D /* signin_icon_woman_h@2x.png in Resources */ = {isa = PBXBuildFile; fileRef = 9A8226101D598D2600CBFF0D /* signin_icon_woman_h@2x.png */; };
		9A8DFE151D36253E00002AE7 /* SearchViewController.m in Sources */ = {isa = PBXBuildFile; fileRef = 9A8DFE141D36253E00002AE7 /* SearchViewController.m */; };
		9A8DFE181D362E7100002AE7 /* PlanListViewController.m in Sources */ = {isa = PBXBuildFile; fileRef = 9A8DFE171D362E7100002AE7 /* PlanListViewController.m */; };
		9A8DFE1B1D362FAF00002AE7 /* MainTabController.m in Sources */ = {isa = PBXBuildFile; fileRef = 9A8DFE1A1D362FAF00002AE7 /* MainTabController.m */; };
		9A8DFE1F1D36448D00002AE7 /* GlobalVariables.m in Sources */ = {isa = PBXBuildFile; fileRef = 9A8DFE1D1D36448D00002AE7 /* GlobalVariables.m */; };
		9A8DFE211D36468700002AE7 /* MapKit.framework in Frameworks */ = {isa = PBXBuildFile; fileRef = 9A8DFE201D36468700002AE7 /* MapKit.framework */; };
		9A8DFE241D372A5200002AE7 /* PlanViewController.m in Sources */ = {isa = PBXBuildFile; fileRef = 9A8DFE231D372A5200002AE7 /* PlanViewController.m */; };
		9A8DFE281D375A0200002AE7 /* CalendarViewController.m in Sources */ = {isa = PBXBuildFile; fileRef = 9A8DFE261D375A0200002AE7 /* CalendarViewController.m */; };
		9A8DFE291D375A0200002AE7 /* CalendarViewController.xib in Resources */ = {isa = PBXBuildFile; fileRef = 9A8DFE271D375A0200002AE7 /* CalendarViewController.xib */; };
		9A8DFEA61D3784D800002AE7 /* UserViewController.m in Sources */ = {isa = PBXBuildFile; fileRef = 9A8DFEA51D3784D800002AE7 /* UserViewController.m */; };
		9A8DFEAA1D378BF400002AE7 /* LoginViewController.m in Sources */ = {isa = PBXBuildFile; fileRef = 9A8DFEA81D378BF400002AE7 /* LoginViewController.m */; };
		9A8DFEAB1D378BF400002AE7 /* LoginViewController.xib in Resources */ = {isa = PBXBuildFile; fileRef = 9A8DFEA91D378BF400002AE7 /* LoginViewController.xib */; };
		9A8DFEAF1D38C80F00002AE7 /* SignupViewController.m in Sources */ = {isa = PBXBuildFile; fileRef = 9A8DFEAD1D38C80F00002AE7 /* SignupViewController.m */; };
		9A8DFEB01D38C80F00002AE7 /* SignupViewController.xib in Resources */ = {isa = PBXBuildFile; fileRef = 9A8DFEAE1D38C80F00002AE7 /* SignupViewController.xib */; };
		9AC16C841D461B4900FE95C6 /* login_btn_return@2x.png in Resources */ = {isa = PBXBuildFile; fileRef = 9AC16C831D461B4900FE95C6 /* login_btn_return@2x.png */; };
		9AC16C871D47019100FE95C6 /* login_icon_lock@2x.png in Resources */ = {isa = PBXBuildFile; fileRef = 9AC16C851D47019100FE95C6 /* login_icon_lock@2x.png */; };
		9AC16C881D47019100FE95C6 /* login_icon_phone@2x.png in Resources */ = {isa = PBXBuildFile; fileRef = 9AC16C861D47019100FE95C6 /* login_icon_phone@2x.png */; };
		9AC7775F1D3F49BE0041CA1D /* login_bg@2x.png in Resources */ = {isa = PBXBuildFile; fileRef = 9AC7775A1D3F49BE0041CA1D /* login_bg@2x.png */; };
		9AC777601D3F49BE0041CA1D /* login_btn_code@2x.png in Resources */ = {isa = PBXBuildFile; fileRef = 9AC7775B1D3F49BE0041CA1D /* login_btn_code@2x.png */; };
		9AC777611D3F49BE0041CA1D /* login_btn_code2@2x.png in Resources */ = {isa = PBXBuildFile; fileRef = 9AC7775C1D3F49BE0041CA1D /* login_btn_code2@2x.png */; };
		9AC777621D3F49BE0041CA1D /* login_txtpass@2x.png in Resources */ = {isa = PBXBuildFile; fileRef = 9AC7775D1D3F49BE0041CA1D /* login_txtpass@2x.png */; };
		9AC777651D3F5C120041CA1D /* AFAppDotNetAPIClient.m in Sources */ = {isa = PBXBuildFile; fileRef = 9AC777641D3F5C120041CA1D /* AFAppDotNetAPIClient.m */; };
		9AE7810D1D36142C00CA40A5 /* main.m in Sources */ = {isa = PBXBuildFile; fileRef = 9AE7810C1D36142C00CA40A5 /* main.m */; };
		9AE781101D36142C00CA40A5 /* AppDelegate.m in Sources */ = {isa = PBXBuildFile; fileRef = 9AE7810F1D36142C00CA40A5 /* AppDelegate.m */; };
		9AE781161D36142C00CA40A5 /* Main.storyboard in Resources */ = {isa = PBXBuildFile; fileRef = 9AE781141D36142C00CA40A5 /* Main.storyboard */; };
		9AE781181D36142C00CA40A5 /* Assets.xcassets in Resources */ = {isa = PBXBuildFile; fileRef = 9AE781171D36142C00CA40A5 /* Assets.xcassets */; };
		9AE7811B1D36142C00CA40A5 /* LaunchScreen.storyboard in Resources */ = {isa = PBXBuildFile; fileRef = 9AE781191D36142C00CA40A5 /* LaunchScreen.storyboard */; };
		9AE781261D36142C00CA40A5 /* eulertripTests.m in Sources */ = {isa = PBXBuildFile; fileRef = 9AE781251D36142C00CA40A5 /* eulertripTests.m */; };
		9AE781311D36142C00CA40A5 /* eulertripUITests.m in Sources */ = {isa = PBXBuildFile; fileRef = 9AE781301D36142C00CA40A5 /* eulertripUITests.m */; };
		9AFB5D581D6584FD00A3891D /* ModelTrip.m in Sources */ = {isa = PBXBuildFile; fileRef = 9AFB5D571D6584FD00A3891D /* ModelTrip.m */; };
		9AFB5D5B1D658CBD00A3891D /* ModelUser.m in Sources */ = {isa = PBXBuildFile; fileRef = 9AFB5D5A1D658CBD00A3891D /* ModelUser.m */; };
		9AFC383B1D405DDD0057DF9C /* MD5Util.m in Sources */ = {isa = PBXBuildFile; fileRef = 9AFC383A1D405DDD0057DF9C /* MD5Util.m */; };
		DA235B7973176746F672D8E8 /* Pods_eulertrip.framework in Frameworks */ = {isa = PBXBuildFile; fileRef = 887F47823559B4A0B6876E0A /* Pods_eulertrip.framework */; };
/* End PBXBuildFile section */

/* Begin PBXContainerItemProxy section */
		9AE781221D36142C00CA40A5 /* PBXContainerItemProxy */ = {
			isa = PBXContainerItemProxy;
			containerPortal = 9AE781001D36142C00CA40A5 /* Project object */;
			proxyType = 1;
			remoteGlobalIDString = 9AE781071D36142C00CA40A5;
			remoteInfo = eulertrip;
		};
		9AE7812D1D36142C00CA40A5 /* PBXContainerItemProxy */ = {
			isa = PBXContainerItemProxy;
			containerPortal = 9AE781001D36142C00CA40A5 /* Project object */;
			proxyType = 1;
			remoteGlobalIDString = 9AE781071D36142C00CA40A5;
			remoteInfo = eulertrip;
		};
/* End PBXContainerItemProxy section */

/* Begin PBXFileReference section */
		03E25CBC9BB2CF4F7EA55363 /* Pods-eulertrip.release.xcconfig */ = {isa = PBXFileReference; includeInIndex = 1; lastKnownFileType = text.xcconfig; name = "Pods-eulertrip.release.xcconfig"; path = "Pods/Target Support Files/Pods-eulertrip/Pods-eulertrip.release.xcconfig"; sourceTree = "<group>"; };
		887F47823559B4A0B6876E0A /* Pods_eulertrip.framework */ = {isa = PBXFileReference; explicitFileType = wrapper.framework; includeInIndex = 0; path = Pods_eulertrip.framework; sourceTree = BUILT_PRODUCTS_DIR; };
		9A12D1BA1D476A3300A2BCDE /* AddUserInfoStep1ViewController.h */ = {isa = PBXFileReference; fileEncoding = 4; lastKnownFileType = sourcecode.c.h; path = AddUserInfoStep1ViewController.h; sourceTree = "<group>"; };
		9A12D1BB1D476A3300A2BCDE /* AddUserInfoStep1ViewController.m */ = {isa = PBXFileReference; fileEncoding = 4; lastKnownFileType = sourcecode.c.objc; path = AddUserInfoStep1ViewController.m; sourceTree = "<group>"; };
		9A12D1BD1D476A5F00A2BCDE /* AddUserInfoStep1ViewController.xib */ = {isa = PBXFileReference; fileEncoding = 4; lastKnownFileType = file.xib; path = AddUserInfoStep1ViewController.xib; sourceTree = "<group>"; };
		9A12D1BF1D4897CE00A2BCDE /* login_line@2x.png */ = {isa = PBXFileReference; lastKnownFileType = image.png; path = "login_line@2x.png"; sourceTree = "<group>"; };
		9A12D1C11D48AE1700A2BCDE /* IceOAuthCredential.h */ = {isa = PBXFileReference; fileEncoding = 4; lastKnownFileType = sourcecode.c.h; path = IceOAuthCredential.h; sourceTree = "<group>"; };
		9A12D1C21D48AE1700A2BCDE /* IceOAuthCredential.m */ = {isa = PBXFileReference; fileEncoding = 4; lastKnownFileType = sourcecode.c.objc; path = IceOAuthCredential.m; sourceTree = "<group>"; };
		9A12D1D51D4AF50200A2BCDE /* signin_checkbox1@2x.png */ = {isa = PBXFileReference; lastKnownFileType = image.png; path = "signin_checkbox1@2x.png"; sourceTree = "<group>"; };
		9A12D1D61D4AF50200A2BCDE /* signin_checkbox2@2x.png */ = {isa = PBXFileReference; lastKnownFileType = image.png; path = "signin_checkbox2@2x.png"; sourceTree = "<group>"; };
		9A2D9B3E1D41DCB400A2CB96 /* DLUDID.h */ = {isa = PBXFileReference; fileEncoding = 4; lastKnownFileType = sourcecode.c.h; path = DLUDID.h; sourceTree = "<group>"; };
		9A2D9B3F1D41DCB400A2CB96 /* DLUDID.m */ = {isa = PBXFileReference; fileEncoding = 4; lastKnownFileType = sourcecode.c.objc; path = DLUDID.m; sourceTree = "<group>"; };
		9A2D9B421D41DD1B00A2CB96 /* SSKeychain.h */ = {isa = PBXFileReference; fileEncoding = 4; lastKnownFileType = sourcecode.c.h; path = SSKeychain.h; sourceTree = "<group>"; };
		9A2D9B431D41DD1B00A2CB96 /* SSKeychain.m */ = {isa = PBXFileReference; fileEncoding = 4; lastKnownFileType = sourcecode.c.objc; path = SSKeychain.m; sourceTree = "<group>"; };
		9A2D9B441D41DD1B00A2CB96 /* SSKeychainQuery.h */ = {isa = PBXFileReference; fileEncoding = 4; lastKnownFileType = sourcecode.c.h; path = SSKeychainQuery.h; sourceTree = "<group>"; };
		9A2D9B451D41DD1B00A2CB96 /* SSKeychainQuery.m */ = {isa = PBXFileReference; fileEncoding = 4; lastKnownFileType = sourcecode.c.objc; path = SSKeychainQuery.m; sourceTree = "<group>"; };
		9A5D9A561D4B467C0050F1B2 /* AddUserInfoStep2ViewController.h */ = {isa = PBXFileReference; fileEncoding = 4; lastKnownFileType = sourcecode.c.h; path = AddUserInfoStep2ViewController.h; sourceTree = "<group>"; };
		9A5D9A571D4B467C0050F1B2 /* AddUserInfoStep2ViewController.m */ = {isa = PBXFileReference; fileEncoding = 4; lastKnownFileType = sourcecode.c.objc; path = AddUserInfoStep2ViewController.m; sourceTree = "<group>"; };
		9A5D9A581D4B467C0050F1B2 /* AddUserInfoStep2ViewController.xib */ = {isa = PBXFileReference; fileEncoding = 4; lastKnownFileType = file.xib; path = AddUserInfoStep2ViewController.xib; sourceTree = "<group>"; };
		9A77D4151D4EEAE500BD8A78 /* tab_icon_plan@2x.png */ = {isa = PBXFileReference; lastKnownFileType = image.png; path = "tab_icon_plan@2x.png"; sourceTree = "<group>"; };
		9A77D4161D4EEAE500BD8A78 /* tab_icon_search@2x.png */ = {isa = PBXFileReference; lastKnownFileType = image.png; path = "tab_icon_search@2x.png"; sourceTree = "<group>"; };
		9A77D4171D4EEAE500BD8A78 /* tab_icon_user@2x.png */ = {isa = PBXFileReference; lastKnownFileType = image.png; path = "tab_icon_user@2x.png"; sourceTree = "<group>"; };
		9A77D41B1D4EED0900BD8A78 /* search_bg1.jpg */ = {isa = PBXFileReference; lastKnownFileType = image.jpeg; path = search_bg1.jpg; sourceTree = "<group>"; };
		9A77D41D1D4EEF3500BD8A78 /* tab_bg@2x.png */ = {isa = PBXFileReference; lastKnownFileType = image.png; path = "tab_bg@2x.png"; sourceTree = "<group>"; };
		9A77D4251D4EF1B200BD8A78 /* search_btn_search@2x.png */ = {isa = PBXFileReference; lastKnownFileType = image.png; path = "search_btn_search@2x.png"; sourceTree = "<group>"; };
		9A77D4261D4EF1B200BD8A78 /* search_txt_bg@2x.png */ = {isa = PBXFileReference; lastKnownFileType = image.png; path = "search_txt_bg@2x.png"; sourceTree = "<group>"; };
		9A8225C31D50639600CBFF0D /* SearchResultTableViewController.h */ = {isa = PBXFileReference; fileEncoding = 4; lastKnownFileType = sourcecode.c.h; path = SearchResultTableViewController.h; sourceTree = "<group>"; };
		9A8225C41D50639600CBFF0D /* SearchResultTableViewController.m */ = {isa = PBXFileReference; fileEncoding = 4; lastKnownFileType = sourcecode.c.objc; path = SearchResultTableViewController.m; sourceTree = "<group>"; };
		9A8225C51D50639600CBFF0D /* SearchResultTableViewController.xib */ = {isa = PBXFileReference; fileEncoding = 4; lastKnownFileType = file.xib; path = SearchResultTableViewController.xib; sourceTree = "<group>"; };
		9A8225C91D5087CF00CBFF0D /* CityData.plist */ = {isa = PBXFileReference; fileEncoding = 4; lastKnownFileType = text.plist.xml; path = CityData.plist; sourceTree = "<group>"; };
		9A8225CA1D5087CF00CBFF0D /* CityData.xml */ = {isa = PBXFileReference; fileEncoding = 4; lastKnownFileType = text.xml; path = CityData.xml; sourceTree = "<group>"; };
		9A8225CB1D5087CF00CBFF0D /* TLCity.h */ = {isa = PBXFileReference; fileEncoding = 4; lastKnownFileType = sourcecode.c.h; path = TLCity.h; sourceTree = "<group>"; };
		9A8225CC1D5087CF00CBFF0D /* TLCity.m */ = {isa = PBXFileReference; fileEncoding = 4; lastKnownFileType = sourcecode.c.objc; path = TLCity.m; sourceTree = "<group>"; };
		9A8225CD1D5087CF00CBFF0D /* TLCityGroupCell.h */ = {isa = PBXFileReference; fileEncoding = 4; lastKnownFileType = sourcecode.c.h; path = TLCityGroupCell.h; sourceTree = "<group>"; };
		9A8225CE1D5087CF00CBFF0D /* TLCityGroupCell.m */ = {isa = PBXFileReference; fileEncoding = 4; lastKnownFileType = sourcecode.c.objc; path = TLCityGroupCell.m; sourceTree = "<group>"; };
		9A8225CF1D5087CF00CBFF0D /* TLCityHeaderView.h */ = {isa = PBXFileReference; fileEncoding = 4; lastKnownFileType = sourcecode.c.h; path = TLCityHeaderView.h; sourceTree = "<group>"; };
		9A8225D01D5087CF00CBFF0D /* TLCityHeaderView.m */ = {isa = PBXFileReference; fileEncoding = 4; lastKnownFileType = sourcecode.c.objc; path = TLCityHeaderView.m; sourceTree = "<group>"; };
		9A8225D11D5087CF00CBFF0D /* TLCityPickerController.h */ = {isa = PBXFileReference; fileEncoding = 4; lastKnownFileType = sourcecode.c.h; path = TLCityPickerController.h; sourceTree = "<group>"; };
		9A8225D21D5087CF00CBFF0D /* TLCityPickerController.m */ = {isa = PBXFileReference; fileEncoding = 4; lastKnownFileType = sourcecode.c.objc; path = TLCityPickerController.m; sourceTree = "<group>"; };
		9A8225D31D5087CF00CBFF0D /* TLCityPickerDelegate.h */ = {isa = PBXFileReference; fileEncoding = 4; lastKnownFileType = sourcecode.c.h; path = TLCityPickerDelegate.h; sourceTree = "<group>"; };
		9A8225D41D5087CF00CBFF0D /* TLCityPickerSearchResultController.h */ = {isa = PBXFileReference; fileEncoding = 4; lastKnownFileType = sourcecode.c.h; path = TLCityPickerSearchResultController.h; sourceTree = "<group>"; };
		9A8225D51D5087CF00CBFF0D /* TLCityPickerSearchResultController.m */ = {isa = PBXFileReference; fileEncoding = 4; lastKnownFileType = sourcecode.c.objc; path = TLCityPickerSearchResultController.m; sourceTree = "<group>"; };
		9A8225DD1D51BEA600CBFF0D /* BaseViewController.h */ = {isa = PBXFileReference; fileEncoding = 4; lastKnownFileType = sourcecode.c.h; path = BaseViewController.h; sourceTree = "<group>"; };
		9A8225DE1D51BEA600CBFF0D /* BaseViewController.m */ = {isa = PBXFileReference; fileEncoding = 4; lastKnownFileType = sourcecode.c.objc; path = BaseViewController.m; sourceTree = "<group>"; };
		9A8225E01D52E33100CBFF0D /* common_defaulthead@2x.png */ = {isa = PBXFileReference; lastKnownFileType = image.png; path = "common_defaulthead@2x.png"; sourceTree = "<group>"; };
		9A8225E11D52E33100CBFF0D /* common_icon_calendar@2x.png */ = {isa = PBXFileReference; lastKnownFileType = image.png; path = "common_icon_calendar@2x.png"; sourceTree = "<group>"; };
		9A8225E21D52E33100CBFF0D /* common_icon_grayarrow@2x.png */ = {isa = PBXFileReference; lastKnownFileType = image.png; path = "common_icon_grayarrow@2x.png"; sourceTree = "<group>"; };
		9A8225E31D52E33100CBFF0D /* common_icon_graysearch@2x.png */ = {isa = PBXFileReference; lastKnownFileType = image.png; path = "common_icon_graysearch@2x.png"; sourceTree = "<group>"; };
		9A8225E41D52E33100CBFF0D /* common_icon_location@2x.png */ = {isa = PBXFileReference; lastKnownFileType = image.png; path = "common_icon_location@2x.png"; sourceTree = "<group>"; };
		9A8225E51D52E33100CBFF0D /* common_icon_redarrow@2x.png */ = {isa = PBXFileReference; lastKnownFileType = image.png; path = "common_icon_redarrow@2x.png"; sourceTree = "<group>"; };
		9A8225E61D52E33100CBFF0D /* common_icon_share@2x.png */ = {isa = PBXFileReference; lastKnownFileType = image.png; path = "common_icon_share@2x.png"; sourceTree = "<group>"; };
		9A8225E71D52E33100CBFF0D /* common_icon_star@2x.png */ = {isa = PBXFileReference; lastKnownFileType = image.png; path = "common_icon_star@2x.png"; sourceTree = "<group>"; };
		9A8225F01D52E85800CBFF0D /* common_icon_back@2x.png */ = {isa = PBXFileReference; lastKnownFileType = image.png; path = "common_icon_back@2x.png"; sourceTree = "<group>"; };
		9A8225F21D52EF7B00CBFF0D /* planlist_topbar@2x.png */ = {isa = PBXFileReference; lastKnownFileType = image.png; path = "planlist_topbar@2x.png"; sourceTree = "<group>"; };
		9A8225F51D53394900CBFF0D /* PlanlistTableViewCell.h */ = {isa = PBXFileReference; fileEncoding = 4; lastKnownFileType = sourcecode.c.h; path = PlanlistTableViewCell.h; sourceTree = "<group>"; };
		9A8225F61D53394900CBFF0D /* PlanlistTableViewCell.m */ = {isa = PBXFileReference; fileEncoding = 4; lastKnownFileType = sourcecode.c.objc; path = PlanlistTableViewCell.m; sourceTree = "<group>"; };
		9A8225F71D53394900CBFF0D /* PlanlistTableViewCell.xib */ = {isa = PBXFileReference; fileEncoding = 4; lastKnownFileType = file.xib; path = PlanlistTableViewCell.xib; sourceTree = "<group>"; };
		9A8225FA1D58237100CBFF0D /* MapTableViewCell.h */ = {isa = PBXFileReference; fileEncoding = 4; lastKnownFileType = sourcecode.c.h; path = MapTableViewCell.h; sourceTree = "<group>"; };
		9A8225FB1D58237100CBFF0D /* MapTableViewCell.m */ = {isa = PBXFileReference; fileEncoding = 4; lastKnownFileType = sourcecode.c.objc; path = MapTableViewCell.m; sourceTree = "<group>"; };
		9A8225FC1D58237100CBFF0D /* MapTableViewCell.xib */ = {isa = PBXFileReference; fileEncoding = 4; lastKnownFileType = file.xib; path = MapTableViewCell.xib; sourceTree = "<group>"; };
		9A8225FF1D587BC100CBFF0D /* AMapTipAnnotation.h */ = {isa = PBXFileReference; fileEncoding = 4; lastKnownFileType = sourcecode.c.h; path = AMapTipAnnotation.h; sourceTree = "<group>"; };
		9A8226001D587BC100CBFF0D /* AMapTipAnnotation.m */ = {isa = PBXFileReference; fileEncoding = 4; lastKnownFileType = sourcecode.c.objc; path = AMapTipAnnotation.m; sourceTree = "<group>"; };
		9A8226021D598AFA00CBFF0D /* sigin_icon_neutral@2x.png */ = {isa = PBXFileReference; lastKnownFileType = image.png; path = "sigin_icon_neutral@2x.png"; sourceTree = "<group>"; };
		9A8226031D598AFA00CBFF0D /* sigin_icon_ww@2x.png */ = {isa = PBXFileReference; lastKnownFileType = image.png; path = "sigin_icon_ww@2x.png"; sourceTree = "<group>"; };
		9A8226041D598AFA00CBFF0D /* signin_icon_man@2x.png */ = {isa = PBXFileReference; lastKnownFileType = image.png; path = "signin_icon_man@2x.png"; sourceTree = "<group>"; };
		9A8226051D598AFA00CBFF0D /* signin_icon_mm@2x.png */ = {isa = PBXFileReference; lastKnownFileType = image.png; path = "signin_icon_mm@2x.png"; sourceTree = "<group>"; };
		9A8226061D598AFA00CBFF0D /* signin_icon_woman@2x.png */ = {isa = PBXFileReference; lastKnownFileType = image.png; path = "signin_icon_woman@2x.png"; sourceTree = "<group>"; };
		9A82260C1D598D2600CBFF0D /* sigin_icon_neutral_h@2x.png */ = {isa = PBXFileReference; lastKnownFileType = image.png; path = "sigin_icon_neutral_h@2x.png"; sourceTree = "<group>"; };
		9A82260D1D598D2600CBFF0D /* sigin_icon_ww_h@2x.png */ = {isa = PBXFileReference; lastKnownFileType = image.png; path = "sigin_icon_ww_h@2x.png"; sourceTree = "<group>"; };
		9A82260E1D598D2600CBFF0D /* signin_icon_man_h@2x.png */ = {isa = PBXFileReference; lastKnownFileType = image.png; path = "signin_icon_man_h@2x.png"; sourceTree = "<group>"; };
		9A82260F1D598D2600CBFF0D /* signin_icon_mm_h@2x.png */ = {isa = PBXFileReference; lastKnownFileType = image.png; path = "signin_icon_mm_h@2x.png"; sourceTree = "<group>"; };
		9A8226101D598D2600CBFF0D /* signin_icon_woman_h@2x.png */ = {isa = PBXFileReference; lastKnownFileType = image.png; path = "signin_icon_woman_h@2x.png"; sourceTree = "<group>"; };
		9A8DFE131D36253E00002AE7 /* SearchViewController.h */ = {isa = PBXFileReference; fileEncoding = 4; lastKnownFileType = sourcecode.c.h; path = SearchViewController.h; sourceTree = "<group>"; };
		9A8DFE141D36253E00002AE7 /* SearchViewController.m */ = {isa = PBXFileReference; fileEncoding = 4; lastKnownFileType = sourcecode.c.objc; path = SearchViewController.m; sourceTree = "<group>"; };
		9A8DFE161D362E7100002AE7 /* PlanListViewController.h */ = {isa = PBXFileReference; fileEncoding = 4; lastKnownFileType = sourcecode.c.h; path = PlanListViewController.h; sourceTree = "<group>"; };
		9A8DFE171D362E7100002AE7 /* PlanListViewController.m */ = {isa = PBXFileReference; fileEncoding = 4; lastKnownFileType = sourcecode.c.objc; path = PlanListViewController.m; sourceTree = "<group>"; };
		9A8DFE191D362FAF00002AE7 /* MainTabController.h */ = {isa = PBXFileReference; fileEncoding = 4; lastKnownFileType = sourcecode.c.h; path = MainTabController.h; sourceTree = "<group>"; };
		9A8DFE1A1D362FAF00002AE7 /* MainTabController.m */ = {isa = PBXFileReference; fileEncoding = 4; lastKnownFileType = sourcecode.c.objc; path = MainTabController.m; sourceTree = "<group>"; };
		9A8DFE1C1D36448D00002AE7 /* GlobalVariables.h */ = {isa = PBXFileReference; fileEncoding = 4; lastKnownFileType = sourcecode.c.h; path = GlobalVariables.h; sourceTree = "<group>"; };
		9A8DFE1D1D36448D00002AE7 /* GlobalVariables.m */ = {isa = PBXFileReference; fileEncoding = 4; lastKnownFileType = sourcecode.c.objc; path = GlobalVariables.m; sourceTree = "<group>"; };
		9A8DFE1E1D36448D00002AE7 /* Foundation.h */ = {isa = PBXFileReference; fileEncoding = 4; lastKnownFileType = sourcecode.c.h; path = Foundation.h; sourceTree = "<group>"; };
		9A8DFE201D36468700002AE7 /* MapKit.framework */ = {isa = PBXFileReference; lastKnownFileType = wrapper.framework; name = MapKit.framework; path = System/Library/Frameworks/MapKit.framework; sourceTree = SDKROOT; };
		9A8DFE221D372A5200002AE7 /* PlanViewController.h */ = {isa = PBXFileReference; fileEncoding = 4; lastKnownFileType = sourcecode.c.h; path = PlanViewController.h; sourceTree = "<group>"; };
		9A8DFE231D372A5200002AE7 /* PlanViewController.m */ = {isa = PBXFileReference; fileEncoding = 4; lastKnownFileType = sourcecode.c.objc; path = PlanViewController.m; sourceTree = "<group>"; };
		9A8DFE251D375A0200002AE7 /* CalendarViewController.h */ = {isa = PBXFileReference; fileEncoding = 4; lastKnownFileType = sourcecode.c.h; path = CalendarViewController.h; sourceTree = "<group>"; };
		9A8DFE261D375A0200002AE7 /* CalendarViewController.m */ = {isa = PBXFileReference; fileEncoding = 4; lastKnownFileType = sourcecode.c.objc; path = CalendarViewController.m; sourceTree = "<group>"; };
		9A8DFE271D375A0200002AE7 /* CalendarViewController.xib */ = {isa = PBXFileReference; fileEncoding = 4; lastKnownFileType = file.xib; path = CalendarViewController.xib; sourceTree = "<group>"; };
		9A8DFEA41D3784D800002AE7 /* UserViewController.h */ = {isa = PBXFileReference; fileEncoding = 4; lastKnownFileType = sourcecode.c.h; path = UserViewController.h; sourceTree = "<group>"; };
		9A8DFEA51D3784D800002AE7 /* UserViewController.m */ = {isa = PBXFileReference; fileEncoding = 4; lastKnownFileType = sourcecode.c.objc; path = UserViewController.m; sourceTree = "<group>"; };
		9A8DFEA71D378BF400002AE7 /* LoginViewController.h */ = {isa = PBXFileReference; fileEncoding = 4; lastKnownFileType = sourcecode.c.h; path = LoginViewController.h; sourceTree = "<group>"; };
		9A8DFEA81D378BF400002AE7 /* LoginViewController.m */ = {isa = PBXFileReference; fileEncoding = 4; lastKnownFileType = sourcecode.c.objc; path = LoginViewController.m; sourceTree = "<group>"; };
		9A8DFEA91D378BF400002AE7 /* LoginViewController.xib */ = {isa = PBXFileReference; fileEncoding = 4; lastKnownFileType = file.xib; path = LoginViewController.xib; sourceTree = "<group>"; };
		9A8DFEAC1D38C80F00002AE7 /* SignupViewController.h */ = {isa = PBXFileReference; fileEncoding = 4; lastKnownFileType = sourcecode.c.h; path = SignupViewController.h; sourceTree = "<group>"; };
		9A8DFEAD1D38C80F00002AE7 /* SignupViewController.m */ = {isa = PBXFileReference; fileEncoding = 4; lastKnownFileType = sourcecode.c.objc; path = SignupViewController.m; sourceTree = "<group>"; };
		9A8DFEAE1D38C80F00002AE7 /* SignupViewController.xib */ = {isa = PBXFileReference; fileEncoding = 4; lastKnownFileType = file.xib; path = SignupViewController.xib; sourceTree = "<group>"; };
		9AC16C831D461B4900FE95C6 /* login_btn_return@2x.png */ = {isa = PBXFileReference; lastKnownFileType = image.png; path = "login_btn_return@2x.png"; sourceTree = "<group>"; };
		9AC16C851D47019100FE95C6 /* login_icon_lock@2x.png */ = {isa = PBXFileReference; lastKnownFileType = image.png; path = "login_icon_lock@2x.png"; sourceTree = "<group>"; };
		9AC16C861D47019100FE95C6 /* login_icon_phone@2x.png */ = {isa = PBXFileReference; lastKnownFileType = image.png; path = "login_icon_phone@2x.png"; sourceTree = "<group>"; };
		9AC7775A1D3F49BE0041CA1D /* login_bg@2x.png */ = {isa = PBXFileReference; lastKnownFileType = image.png; path = "login_bg@2x.png"; sourceTree = "<group>"; };
		9AC7775B1D3F49BE0041CA1D /* login_btn_code@2x.png */ = {isa = PBXFileReference; lastKnownFileType = image.png; path = "login_btn_code@2x.png"; sourceTree = "<group>"; };
		9AC7775C1D3F49BE0041CA1D /* login_btn_code2@2x.png */ = {isa = PBXFileReference; lastKnownFileType = image.png; path = "login_btn_code2@2x.png"; sourceTree = "<group>"; };
		9AC7775D1D3F49BE0041CA1D /* login_txtpass@2x.png */ = {isa = PBXFileReference; lastKnownFileType = image.png; path = "login_txtpass@2x.png"; sourceTree = "<group>"; };
		9AC777631D3F5C120041CA1D /* AFAppDotNetAPIClient.h */ = {isa = PBXFileReference; fileEncoding = 4; lastKnownFileType = sourcecode.c.h; path = AFAppDotNetAPIClient.h; sourceTree = "<group>"; };
		9AC777641D3F5C120041CA1D /* AFAppDotNetAPIClient.m */ = {isa = PBXFileReference; fileEncoding = 4; lastKnownFileType = sourcecode.c.objc; path = AFAppDotNetAPIClient.m; sourceTree = "<group>"; };
		9AE781081D36142C00CA40A5 /* eulertrip.app */ = {isa = PBXFileReference; explicitFileType = wrapper.application; includeInIndex = 0; path = eulertrip.app; sourceTree = BUILT_PRODUCTS_DIR; };
		9AE7810C1D36142C00CA40A5 /* main.m */ = {isa = PBXFileReference; lastKnownFileType = sourcecode.c.objc; path = main.m; sourceTree = "<group>"; };
		9AE7810E1D36142C00CA40A5 /* AppDelegate.h */ = {isa = PBXFileReference; lastKnownFileType = sourcecode.c.h; path = AppDelegate.h; sourceTree = "<group>"; };
		9AE7810F1D36142C00CA40A5 /* AppDelegate.m */ = {isa = PBXFileReference; lastKnownFileType = sourcecode.c.objc; path = AppDelegate.m; sourceTree = "<group>"; };
		9AE781151D36142C00CA40A5 /* Base */ = {isa = PBXFileReference; lastKnownFileType = file.storyboard; name = Base; path = Base.lproj/Main.storyboard; sourceTree = "<group>"; };
		9AE781171D36142C00CA40A5 /* Assets.xcassets */ = {isa = PBXFileReference; lastKnownFileType = folder.assetcatalog; path = Assets.xcassets; sourceTree = "<group>"; };
		9AE7811A1D36142C00CA40A5 /* Base */ = {isa = PBXFileReference; lastKnownFileType = file.storyboard; name = Base; path = Base.lproj/LaunchScreen.storyboard; sourceTree = "<group>"; };
		9AE7811C1D36142C00CA40A5 /* Info.plist */ = {isa = PBXFileReference; lastKnownFileType = text.plist.xml; path = Info.plist; sourceTree = "<group>"; };
		9AE781211D36142C00CA40A5 /* eulertripTests.xctest */ = {isa = PBXFileReference; explicitFileType = wrapper.cfbundle; includeInIndex = 0; path = eulertripTests.xctest; sourceTree = BUILT_PRODUCTS_DIR; };
		9AE781251D36142C00CA40A5 /* eulertripTests.m */ = {isa = PBXFileReference; lastKnownFileType = sourcecode.c.objc; path = eulertripTests.m; sourceTree = "<group>"; };
		9AE781271D36142C00CA40A5 /* Info.plist */ = {isa = PBXFileReference; lastKnownFileType = text.plist.xml; path = Info.plist; sourceTree = "<group>"; };
		9AE7812C1D36142C00CA40A5 /* eulertripUITests.xctest */ = {isa = PBXFileReference; explicitFileType = wrapper.cfbundle; includeInIndex = 0; path = eulertripUITests.xctest; sourceTree = BUILT_PRODUCTS_DIR; };
		9AE781301D36142C00CA40A5 /* eulertripUITests.m */ = {isa = PBXFileReference; lastKnownFileType = sourcecode.c.objc; path = eulertripUITests.m; sourceTree = "<group>"; };
		9AE781321D36142C00CA40A5 /* Info.plist */ = {isa = PBXFileReference; lastKnownFileType = text.plist.xml; path = Info.plist; sourceTree = "<group>"; };
		9AFB5D561D6584FD00A3891D /* ModelTrip.h */ = {isa = PBXFileReference; fileEncoding = 4; lastKnownFileType = sourcecode.c.h; path = ModelTrip.h; sourceTree = "<group>"; };
		9AFB5D571D6584FD00A3891D /* ModelTrip.m */ = {isa = PBXFileReference; fileEncoding = 4; lastKnownFileType = sourcecode.c.objc; path = ModelTrip.m; sourceTree = "<group>"; };
		9AFB5D591D658CBD00A3891D /* ModelUser.h */ = {isa = PBXFileReference; fileEncoding = 4; lastKnownFileType = sourcecode.c.h; path = ModelUser.h; sourceTree = "<group>"; };
		9AFB5D5A1D658CBD00A3891D /* ModelUser.m */ = {isa = PBXFileReference; fileEncoding = 4; lastKnownFileType = sourcecode.c.objc; path = ModelUser.m; sourceTree = "<group>"; };
		9AFC383A1D405DDD0057DF9C /* MD5Util.m */ = {isa = PBXFileReference; fileEncoding = 4; lastKnownFileType = sourcecode.c.objc; path = MD5Util.m; sourceTree = "<group>"; };
		9AFC383C1D405DE60057DF9C /* MD5Util.h */ = {isa = PBXFileReference; lastKnownFileType = sourcecode.c.h; path = MD5Util.h; sourceTree = "<group>"; };
		CD123FF977C7F23D3AFCAD5A /* Pods-eulertrip.debug.xcconfig */ = {isa = PBXFileReference; includeInIndex = 1; lastKnownFileType = text.xcconfig; name = "Pods-eulertrip.debug.xcconfig"; path = "Pods/Target Support Files/Pods-eulertrip/Pods-eulertrip.debug.xcconfig"; sourceTree = "<group>"; };
/* End PBXFileReference section */

/* Begin PBXFrameworksBuildPhase section */
		9AE781051D36142C00CA40A5 /* Frameworks */ = {
			isa = PBXFrameworksBuildPhase;
			buildActionMask = 2147483647;
			files = (
				9A8DFE211D36468700002AE7 /* MapKit.framework in Frameworks */,
				DA235B7973176746F672D8E8 /* Pods_eulertrip.framework in Frameworks */,
			);
			runOnlyForDeploymentPostprocessing = 0;
		};
		9AE7811E1D36142C00CA40A5 /* Frameworks */ = {
			isa = PBXFrameworksBuildPhase;
			buildActionMask = 2147483647;
			files = (
			);
			runOnlyForDeploymentPostprocessing = 0;
		};
		9AE781291D36142C00CA40A5 /* Frameworks */ = {
			isa = PBXFrameworksBuildPhase;
			buildActionMask = 2147483647;
			files = (
			);
			runOnlyForDeploymentPostprocessing = 0;
		};
/* End PBXFrameworksBuildPhase section */

/* Begin PBXGroup section */
		447E3A6D1F5CB32385593A77 /* Frameworks */ = {
			isa = PBXGroup;
			children = (
				9A8DFE201D36468700002AE7 /* MapKit.framework */,
				887F47823559B4A0B6876E0A /* Pods_eulertrip.framework */,
			);
			name = Frameworks;
			sourceTree = "<group>";
		};
		8054455B7B8F3050DC185676 /* Pods */ = {
			isa = PBXGroup;
			children = (
				CD123FF977C7F23D3AFCAD5A /* Pods-eulertrip.debug.xcconfig */,
				03E25CBC9BB2CF4F7EA55363 /* Pods-eulertrip.release.xcconfig */,
			);
			name = Pods;
			sourceTree = "<group>";
		};
		9A2D9B411D41DD1B00A2CB96 /* SSKeychain */ = {
			isa = PBXGroup;
			children = (
				9A2D9B421D41DD1B00A2CB96 /* SSKeychain.h */,
				9A2D9B431D41DD1B00A2CB96 /* SSKeychain.m */,
				9A2D9B441D41DD1B00A2CB96 /* SSKeychainQuery.h */,
				9A2D9B451D41DD1B00A2CB96 /* SSKeychainQuery.m */,
			);
			path = SSKeychain;
			sourceTree = "<group>";
		};
		9A5D9A5B1D4B48950050F1B2 /* Model */ = {
			isa = PBXGroup;
			children = (
				9A8225FF1D587BC100CBFF0D /* AMapTipAnnotation.h */,
				9A8226001D587BC100CBFF0D /* AMapTipAnnotation.m */,
				9AFB5D561D6584FD00A3891D /* ModelTrip.h */,
				9AFB5D571D6584FD00A3891D /* ModelTrip.m */,
				9AFB5D591D658CBD00A3891D /* ModelUser.h */,
				9AFB5D5A1D658CBD00A3891D /* ModelUser.m */,
			);
			name = Model;
			sourceTree = "<group>";
		};
		9A8225C81D5087CF00CBFF0D /* TLCityPicker */ = {
			isa = PBXGroup;
			children = (
				9A8225C91D5087CF00CBFF0D /* CityData.plist */,
				9A8225CA1D5087CF00CBFF0D /* CityData.xml */,
				9A8225CB1D5087CF00CBFF0D /* TLCity.h */,
				9A8225CC1D5087CF00CBFF0D /* TLCity.m */,
				9A8225CD1D5087CF00CBFF0D /* TLCityGroupCell.h */,
				9A8225CE1D5087CF00CBFF0D /* TLCityGroupCell.m */,
				9A8225CF1D5087CF00CBFF0D /* TLCityHeaderView.h */,
				9A8225D01D5087CF00CBFF0D /* TLCityHeaderView.m */,
				9A8225D11D5087CF00CBFF0D /* TLCityPickerController.h */,
				9A8225D21D5087CF00CBFF0D /* TLCityPickerController.m */,
				9A8225D31D5087CF00CBFF0D /* TLCityPickerDelegate.h */,
				9A8225D41D5087CF00CBFF0D /* TLCityPickerSearchResultController.h */,
				9A8225D51D5087CF00CBFF0D /* TLCityPickerSearchResultController.m */,
			);
			path = TLCityPicker;
			sourceTree = "<group>";
		};
		9A8225F41D5338EE00CBFF0D /* Cell */ = {
			isa = PBXGroup;
			children = (
				9A8225F51D53394900CBFF0D /* PlanlistTableViewCell.h */,
				9A8225F61D53394900CBFF0D /* PlanlistTableViewCell.m */,
				9A8225F71D53394900CBFF0D /* PlanlistTableViewCell.xib */,
				9A8225FA1D58237100CBFF0D /* MapTableViewCell.h */,
				9A8225FB1D58237100CBFF0D /* MapTableViewCell.m */,
				9A8225FC1D58237100CBFF0D /* MapTableViewCell.xib */,
			);
			name = Cell;
			sourceTree = "<group>";
		};
		9A8DFE0F1D3624D700002AE7 /* ViewController */ = {
			isa = PBXGroup;
			children = (
				9A8225F41D5338EE00CBFF0D /* Cell */,
				9AC16C891D47693000FE95C6 /* ToolViewControll */,
				9A8DFE131D36253E00002AE7 /* SearchViewController.h */,
				9A8DFE141D36253E00002AE7 /* SearchViewController.m */,
				9A8DFE161D362E7100002AE7 /* PlanListViewController.h */,
				9A8DFE171D362E7100002AE7 /* PlanListViewController.m */,
				9A8DFE191D362FAF00002AE7 /* MainTabController.h */,
				9A8DFE1A1D362FAF00002AE7 /* MainTabController.m */,
				9A8DFE221D372A5200002AE7 /* PlanViewController.h */,
				9A8DFE231D372A5200002AE7 /* PlanViewController.m */,
				9A8DFEA41D3784D800002AE7 /* UserViewController.h */,
				9A8DFEA51D3784D800002AE7 /* UserViewController.m */,
			);
			name = ViewController;
			sourceTree = "<group>";
		};
		9AC16C891D47693000FE95C6 /* ToolViewControll */ = {
			isa = PBXGroup;
			children = (
				9A8225DD1D51BEA600CBFF0D /* BaseViewController.h */,
				9A8225DE1D51BEA600CBFF0D /* BaseViewController.m */,
				9A8DFE251D375A0200002AE7 /* CalendarViewController.h */,
				9A8DFE261D375A0200002AE7 /* CalendarViewController.m */,
				9A8DFE271D375A0200002AE7 /* CalendarViewController.xib */,
				9A8DFEA71D378BF400002AE7 /* LoginViewController.h */,
				9A8DFEA81D378BF400002AE7 /* LoginViewController.m */,
				9A8DFEA91D378BF400002AE7 /* LoginViewController.xib */,
				9A8DFEAC1D38C80F00002AE7 /* SignupViewController.h */,
				9A8DFEAD1D38C80F00002AE7 /* SignupViewController.m */,
				9A8DFEAE1D38C80F00002AE7 /* SignupViewController.xib */,
				9A12D1BA1D476A3300A2BCDE /* AddUserInfoStep1ViewController.h */,
				9A12D1BB1D476A3300A2BCDE /* AddUserInfoStep1ViewController.m */,
				9A12D1BD1D476A5F00A2BCDE /* AddUserInfoStep1ViewController.xib */,
				9A5D9A561D4B467C0050F1B2 /* AddUserInfoStep2ViewController.h */,
				9A5D9A571D4B467C0050F1B2 /* AddUserInfoStep2ViewController.m */,
				9A5D9A581D4B467C0050F1B2 /* AddUserInfoStep2ViewController.xib */,
				9A8225C31D50639600CBFF0D /* SearchResultTableViewController.h */,
				9A8225C41D50639600CBFF0D /* SearchResultTableViewController.m */,
				9A8225C51D50639600CBFF0D /* SearchResultTableViewController.xib */,
			);
			name = ToolViewControll;
			path = Common;
			sourceTree = "<group>";
		};
		9AE780FF1D36142C00CA40A5 = {
			isa = PBXGroup;
			children = (
				9AE7810A1D36142C00CA40A5 /* eulertrip */,
				9AE781241D36142C00CA40A5 /* eulertripTests */,
				9AE7812F1D36142C00CA40A5 /* eulertripUITests */,
				9AE781091D36142C00CA40A5 /* Products */,
				8054455B7B8F3050DC185676 /* Pods */,
				447E3A6D1F5CB32385593A77 /* Frameworks */,
			);
			sourceTree = "<group>";
		};
		9AE781091D36142C00CA40A5 /* Products */ = {
			isa = PBXGroup;
			children = (
				9AE781081D36142C00CA40A5 /* eulertrip.app */,
				9AE781211D36142C00CA40A5 /* eulertripTests.xctest */,
				9AE7812C1D36142C00CA40A5 /* eulertripUITests.xctest */,
			);
			name = Products;
			sourceTree = "<group>";
		};
		9AE7810A1D36142C00CA40A5 /* eulertrip */ = {
			isa = PBXGroup;
			children = (
				9AE7813F1D36148900CA40A5 /* Resource */,
				9A5D9A5B1D4B48950050F1B2 /* Model */,
				9AE7813E1D36147600CA40A5 /* Common */,
				9A8DFE0F1D3624D700002AE7 /* ViewController */,
				9AE7810E1D36142C00CA40A5 /* AppDelegate.h */,
				9AE7810F1D36142C00CA40A5 /* AppDelegate.m */,
				9AE781141D36142C00CA40A5 /* Main.storyboard */,
				9AE781171D36142C00CA40A5 /* Assets.xcassets */,
				9AE781191D36142C00CA40A5 /* LaunchScreen.storyboard */,
				9AE7811C1D36142C00CA40A5 /* Info.plist */,
				9AE7810B1D36142C00CA40A5 /* Supporting Files */,
			);
			path = eulertrip;
			sourceTree = "<group>";
		};
		9AE7810B1D36142C00CA40A5 /* Supporting Files */ = {
			isa = PBXGroup;
			children = (
				9AE7810C1D36142C00CA40A5 /* main.m */,
			);
			name = "Supporting Files";
			sourceTree = "<group>";
		};
		9AE781241D36142C00CA40A5 /* eulertripTests */ = {
			isa = PBXGroup;
			children = (
				9AE781251D36142C00CA40A5 /* eulertripTests.m */,
				9AE781271D36142C00CA40A5 /* Info.plist */,
			);
			path = eulertripTests;
			sourceTree = "<group>";
		};
		9AE7812F1D36142C00CA40A5 /* eulertripUITests */ = {
			isa = PBXGroup;
			children = (
				9AE781301D36142C00CA40A5 /* eulertripUITests.m */,
				9AE781321D36142C00CA40A5 /* Info.plist */,
			);
			path = eulertripUITests;
			sourceTree = "<group>";
		};
		9AE7813E1D36147600CA40A5 /* Common */ = {
			isa = PBXGroup;
			children = (
				9A8225C81D5087CF00CBFF0D /* TLCityPicker */,
				9A2D9B411D41DD1B00A2CB96 /* SSKeychain */,
				9AC777631D3F5C120041CA1D /* AFAppDotNetAPIClient.h */,
				9AC777641D3F5C120041CA1D /* AFAppDotNetAPIClient.m */,
				9A8DFE1C1D36448D00002AE7 /* GlobalVariables.h */,
				9A8DFE1D1D36448D00002AE7 /* GlobalVariables.m */,
				9A8DFE1E1D36448D00002AE7 /* Foundation.h */,
				9A2D9B3E1D41DCB400A2CB96 /* DLUDID.h */,
				9A2D9B3F1D41DCB400A2CB96 /* DLUDID.m */,
				9AFC383C1D405DE60057DF9C /* MD5Util.h */,
				9AFC383A1D405DDD0057DF9C /* MD5Util.m */,
				9A12D1C11D48AE1700A2BCDE /* IceOAuthCredential.h */,
				9A12D1C21D48AE1700A2BCDE /* IceOAuthCredential.m */,
			);
			path = Common;
			sourceTree = "<group>";
		};
		9AE7813F1D36148900CA40A5 /* Resource */ = {
			isa = PBXGroup;
			children = (
				9A8225F21D52EF7B00CBFF0D /* planlist_topbar@2x.png */,
				9A8225E01D52E33100CBFF0D /* common_defaulthead@2x.png */,
				9A8225F01D52E85800CBFF0D /* common_icon_back@2x.png */,
				9A8225E11D52E33100CBFF0D /* common_icon_calendar@2x.png */,
				9A8225E21D52E33100CBFF0D /* common_icon_grayarrow@2x.png */,
				9A8225E31D52E33100CBFF0D /* common_icon_graysearch@2x.png */,
				9A8225E41D52E33100CBFF0D /* common_icon_location@2x.png */,
				9A8225E51D52E33100CBFF0D /* common_icon_redarrow@2x.png */,
				9A8225E61D52E33100CBFF0D /* common_icon_share@2x.png */,
				9A8225E71D52E33100CBFF0D /* common_icon_star@2x.png */,
				9A77D41B1D4EED0900BD8A78 /* search_bg1.jpg */,
				9A77D4251D4EF1B200BD8A78 /* search_btn_search@2x.png */,
				9A77D4261D4EF1B200BD8A78 /* search_txt_bg@2x.png */,
				9A77D41D1D4EEF3500BD8A78 /* tab_bg@2x.png */,
				9A77D4151D4EEAE500BD8A78 /* tab_icon_plan@2x.png */,
				9A77D4161D4EEAE500BD8A78 /* tab_icon_search@2x.png */,
				9A77D4171D4EEAE500BD8A78 /* tab_icon_user@2x.png */,
				9A8226021D598AFA00CBFF0D /* sigin_icon_neutral@2x.png */,
				9A8226031D598AFA00CBFF0D /* sigin_icon_ww@2x.png */,
				9A8226041D598AFA00CBFF0D /* signin_icon_man@2x.png */,
				9A8226051D598AFA00CBFF0D /* signin_icon_mm@2x.png */,
				9A8226061D598AFA00CBFF0D /* signin_icon_woman@2x.png */,
				9A82260C1D598D2600CBFF0D /* sigin_icon_neutral_h@2x.png */,
				9A82260D1D598D2600CBFF0D /* sigin_icon_ww_h@2x.png */,
				9A82260E1D598D2600CBFF0D /* signin_icon_man_h@2x.png */,
				9A82260F1D598D2600CBFF0D /* signin_icon_mm_h@2x.png */,
				9A8226101D598D2600CBFF0D /* signin_icon_woman_h@2x.png */,
				9A12D1D51D4AF50200A2BCDE /* signin_checkbox1@2x.png */,
				9A12D1D61D4AF50200A2BCDE /* signin_checkbox2@2x.png */,
				9A12D1BF1D4897CE00A2BCDE /* login_line@2x.png */,
				9AC16C831D461B4900FE95C6 /* login_btn_return@2x.png */,
				9AC7775A1D3F49BE0041CA1D /* login_bg@2x.png */,
				9AC7775B1D3F49BE0041CA1D /* login_btn_code@2x.png */,
				9AC7775C1D3F49BE0041CA1D /* login_btn_code2@2x.png */,
				9AC7775D1D3F49BE0041CA1D /* login_txtpass@2x.png */,
				9AC16C851D47019100FE95C6 /* login_icon_lock@2x.png */,
				9AC16C861D47019100FE95C6 /* login_icon_phone@2x.png */,
			);
			path = Resource;
			sourceTree = "<group>";
		};
/* End PBXGroup section */

/* Begin PBXNativeTarget section */
		9AE781071D36142C00CA40A5 /* eulertrip */ = {
			isa = PBXNativeTarget;
			buildConfigurationList = 9AE781351D36142C00CA40A5 /* Build configuration list for PBXNativeTarget "eulertrip" */;
			buildPhases = (
				47FA73AC299BD972EDE85512 /* [CP] Check Pods Manifest.lock */,
				9AE781041D36142C00CA40A5 /* Sources */,
				9AE781051D36142C00CA40A5 /* Frameworks */,
				9AE781061D36142C00CA40A5 /* Resources */,
				300A12937E70B869E71E092D /* [CP] Embed Pods Frameworks */,
				2212F355C77A6C0893D2816E /* [CP] Copy Pods Resources */,
			);
			buildRules = (
			);
			dependencies = (
			);
			name = eulertrip;
			productName = eulertrip;
			productReference = 9AE781081D36142C00CA40A5 /* eulertrip.app */;
			productType = "com.apple.product-type.application";
		};
		9AE781201D36142C00CA40A5 /* eulertripTests */ = {
			isa = PBXNativeTarget;
			buildConfigurationList = 9AE781381D36142C00CA40A5 /* Build configuration list for PBXNativeTarget "eulertripTests" */;
			buildPhases = (
				9AE7811D1D36142C00CA40A5 /* Sources */,
				9AE7811E1D36142C00CA40A5 /* Frameworks */,
				9AE7811F1D36142C00CA40A5 /* Resources */,
			);
			buildRules = (
			);
			dependencies = (
				9AE781231D36142C00CA40A5 /* PBXTargetDependency */,
			);
			name = eulertripTests;
			productName = eulertripTests;
			productReference = 9AE781211D36142C00CA40A5 /* eulertripTests.xctest */;
			productType = "com.apple.product-type.bundle.unit-test";
		};
		9AE7812B1D36142C00CA40A5 /* eulertripUITests */ = {
			isa = PBXNativeTarget;
			buildConfigurationList = 9AE7813B1D36142C00CA40A5 /* Build configuration list for PBXNativeTarget "eulertripUITests" */;
			buildPhases = (
				9AE781281D36142C00CA40A5 /* Sources */,
				9AE781291D36142C00CA40A5 /* Frameworks */,
				9AE7812A1D36142C00CA40A5 /* Resources */,
			);
			buildRules = (
			);
			dependencies = (
				9AE7812E1D36142C00CA40A5 /* PBXTargetDependency */,
			);
			name = eulertripUITests;
			productName = eulertripUITests;
			productReference = 9AE7812C1D36142C00CA40A5 /* eulertripUITests.xctest */;
			productType = "com.apple.product-type.bundle.ui-testing";
		};
/* End PBXNativeTarget section */

/* Begin PBXProject section */
		9AE781001D36142C00CA40A5 /* Project object */ = {
			isa = PBXProject;
			attributes = {
				LastUpgradeCheck = 0730;
				ORGANIZATIONNAME = eulertrip;
				TargetAttributes = {
					9AE781071D36142C00CA40A5 = {
						CreatedOnToolsVersion = 7.3.1;
						DevelopmentTeam = EP2G57R8EK;
						SystemCapabilities = {
							com.apple.BackgroundModes = {
								enabled = 1;
							};
							com.apple.Maps.iOS = {
								enabled = 1;
							};
						};
					};
					9AE781201D36142C00CA40A5 = {
						CreatedOnToolsVersion = 7.3.1;
						TestTargetID = 9AE781071D36142C00CA40A5;
					};
					9AE7812B1D36142C00CA40A5 = {
						CreatedOnToolsVersion = 7.3.1;
						TestTargetID = 9AE781071D36142C00CA40A5;
					};
				};
			};
			buildConfigurationList = 9AE781031D36142C00CA40A5 /* Build configuration list for PBXProject "eulertrip" */;
			compatibilityVersion = "Xcode 3.2";
			developmentRegion = English;
			hasScannedForEncodings = 0;
			knownRegions = (
				en,
				Base,
			);
			mainGroup = 9AE780FF1D36142C00CA40A5;
			productRefGroup = 9AE781091D36142C00CA40A5 /* Products */;
			projectDirPath = "";
			projectRoot = "";
			targets = (
				9AE781071D36142C00CA40A5 /* eulertrip */,
				9AE781201D36142C00CA40A5 /* eulertripTests */,
				9AE7812B1D36142C00CA40A5 /* eulertripUITests */,
			);
		};
/* End PBXProject section */

/* Begin PBXResourcesBuildPhase section */
		9AE781061D36142C00CA40A5 /* Resources */ = {
			isa = PBXResourcesBuildPhase;
			buildActionMask = 2147483647;
			files = (
				9A8226141D598D2600CBFF0D /* signin_icon_mm_h@2x.png in Resources */,
				9AC777601D3F49BE0041CA1D /* login_btn_code@2x.png in Resources */,
				9A77D41A1D4EEAE500BD8A78 /* tab_icon_user@2x.png in Resources */,
				9A8225EF1D52E33100CBFF0D /* common_icon_star@2x.png in Resources */,
				9A77D41C1D4EED0900BD8A78 /* search_bg1.jpg in Resources */,
				9A8225EA1D52E33100CBFF0D /* common_icon_grayarrow@2x.png in Resources */,
				9A8226111D598D2600CBFF0D /* sigin_icon_neutral_h@2x.png in Resources */,
				9A77D4281D4EF1B200BD8A78 /* search_txt_bg@2x.png in Resources */,
				9A12D1D81D4AF50200A2BCDE /* signin_checkbox2@2x.png in Resources */,
				9A12D1BE1D476A5F00A2BCDE /* AddUserInfoStep1ViewController.xib in Resources */,
				9A8225D71D5087CF00CBFF0D /* CityData.xml in Resources */,
				9AE7811B1D36142C00CA40A5 /* LaunchScreen.storyboard in Resources */,
				9A8226071D598AFA00CBFF0D /* sigin_icon_neutral@2x.png in Resources */,
				9A82260A1D598AFA00CBFF0D /* signin_icon_mm@2x.png in Resources */,
				9A8225F91D53394900CBFF0D /* PlanlistTableViewCell.xib in Resources */,
				9A12D1D71D4AF50200A2BCDE /* signin_checkbox1@2x.png in Resources */,
				9A8DFE291D375A0200002AE7 /* CalendarViewController.xib in Resources */,
				9A77D4211D4EEF3500BD8A78 /* tab_bg@2x.png in Resources */,
				9AC16C871D47019100FE95C6 /* login_icon_lock@2x.png in Resources */,
				9A77D4191D4EEAE500BD8A78 /* tab_icon_search@2x.png in Resources */,
				9A8225EE1D52E33100CBFF0D /* common_icon_share@2x.png in Resources */,
				9A8226121D598D2600CBFF0D /* sigin_icon_ww_h@2x.png in Resources */,
				9A8225C71D50639600CBFF0D /* SearchResultTableViewController.xib in Resources */,
				9A82260B1D598AFA00CBFF0D /* signin_icon_woman@2x.png in Resources */,
				9A8226131D598D2600CBFF0D /* signin_icon_man_h@2x.png in Resources */,
				9A77D4271D4EF1B200BD8A78 /* search_btn_search@2x.png in Resources */,
				9A8225F11D52E85800CBFF0D /* common_icon_back@2x.png in Resources */,
				9AC7775F1D3F49BE0041CA1D /* login_bg@2x.png in Resources */,
				9A8226091D598AFA00CBFF0D /* signin_icon_man@2x.png in Resources */,
				9AE781181D36142C00CA40A5 /* Assets.xcassets in Resources */,
				9AC16C841D461B4900FE95C6 /* login_btn_return@2x.png in Resources */,
				9A8225EB1D52E33100CBFF0D /* common_icon_graysearch@2x.png in Resources */,
				9A8225D61D5087CF00CBFF0D /* CityData.plist in Resources */,
				9A8225EC1D52E33100CBFF0D /* common_icon_location@2x.png in Resources */,
				9A5D9A5A1D4B467C0050F1B2 /* AddUserInfoStep2ViewController.xib in Resources */,
				9A8226081D598AFA00CBFF0D /* sigin_icon_ww@2x.png in Resources */,
				9A8225E81D52E33100CBFF0D /* common_defaulthead@2x.png in Resources */,
				9A8226151D598D2600CBFF0D /* signin_icon_woman_h@2x.png in Resources */,
				9A8DFEAB1D378BF400002AE7 /* LoginViewController.xib in Resources */,
				9AC777621D3F49BE0041CA1D /* login_txtpass@2x.png in Resources */,
				9A12D1C01D4897CE00A2BCDE /* login_line@2x.png in Resources */,
				9AC16C881D47019100FE95C6 /* login_icon_phone@2x.png in Resources */,
				9A8DFEB01D38C80F00002AE7 /* SignupViewController.xib in Resources */,
				9A8225E91D52E33100CBFF0D /* common_icon_calendar@2x.png in Resources */,
				9A8225ED1D52E33100CBFF0D /* common_icon_redarrow@2x.png in Resources */,
				9AC777611D3F49BE0041CA1D /* login_btn_code2@2x.png in Resources */,
				9A77D4181D4EEAE500BD8A78 /* tab_icon_plan@2x.png in Resources */,
				9AE781161D36142C00CA40A5 /* Main.storyboard in Resources */,
				9A8225FE1D58237100CBFF0D /* MapTableViewCell.xib in Resources */,
				9A8225F31D52EF7B00CBFF0D /* planlist_topbar@2x.png in Resources */,
			);
			runOnlyForDeploymentPostprocessing = 0;
		};
		9AE7811F1D36142C00CA40A5 /* Resources */ = {
			isa = PBXResourcesBuildPhase;
			buildActionMask = 2147483647;
			files = (
			);
			runOnlyForDeploymentPostprocessing = 0;
		};
		9AE7812A1D36142C00CA40A5 /* Resources */ = {
			isa = PBXResourcesBuildPhase;
			buildActionMask = 2147483647;
			files = (
			);
			runOnlyForDeploymentPostprocessing = 0;
		};
/* End PBXResourcesBuildPhase section */

/* Begin PBXShellScriptBuildPhase section */
		2212F355C77A6C0893D2816E /* [CP] Copy Pods Resources */ = {
			isa = PBXShellScriptBuildPhase;
			buildActionMask = 2147483647;
			files = (
			);
			inputPaths = (
			);
			name = "[CP] Copy Pods Resources";
			outputPaths = (
			);
			runOnlyForDeploymentPostprocessing = 0;
			shellPath = /bin/sh;
			shellScript = "\"${SRCROOT}/Pods/Target Support Files/Pods-eulertrip/Pods-eulertrip-resources.sh\"\n";
			showEnvVarsInLog = 0;
		};
		300A12937E70B869E71E092D /* [CP] Embed Pods Frameworks */ = {
			isa = PBXShellScriptBuildPhase;
			buildActionMask = 2147483647;
			files = (
			);
			inputPaths = (
			);
			name = "[CP] Embed Pods Frameworks";
			outputPaths = (
			);
			runOnlyForDeploymentPostprocessing = 0;
			shellPath = /bin/sh;
			shellScript = "\"${SRCROOT}/Pods/Target Support Files/Pods-eulertrip/Pods-eulertrip-frameworks.sh\"\n";
			showEnvVarsInLog = 0;
		};
		47FA73AC299BD972EDE85512 /* [CP] Check Pods Manifest.lock */ = {
			isa = PBXShellScriptBuildPhase;
			buildActionMask = 2147483647;
			files = (
			);
			inputPaths = (
			);
			name = "[CP] Check Pods Manifest.lock";
			outputPaths = (
			);
			runOnlyForDeploymentPostprocessing = 0;
			shellPath = /bin/sh;
			shellScript = "diff \"${PODS_ROOT}/../Podfile.lock\" \"${PODS_ROOT}/Manifest.lock\" > /dev/null\nif [[ $? != 0 ]] ; then\n    cat << EOM\nerror: The sandbox is not in sync with the Podfile.lock. Run 'pod install' or update your CocoaPods installation.\nEOM\n    exit 1\nfi\n";
			showEnvVarsInLog = 0;
		};
/* End PBXShellScriptBuildPhase section */

/* Begin PBXSourcesBuildPhase section */
		9AE781041D36142C00CA40A5 /* Sources */ = {
			isa = PBXSourcesBuildPhase;
			buildActionMask = 2147483647;
			files = (
				9A8DFE1F1D36448D00002AE7 /* GlobalVariables.m in Sources */,
				9A8DFEAA1D378BF400002AE7 /* LoginViewController.m in Sources */,
				9AFC383B1D405DDD0057DF9C /* MD5Util.m in Sources */,
				9AFB5D5B1D658CBD00A3891D /* ModelUser.m in Sources */,
				9A2D9B401D41DCB400A2CB96 /* DLUDID.m in Sources */,
				9A8225C61D50639600CBFF0D /* SearchResultTableViewController.m in Sources */,
				9A12D1C31D48AE1700A2BCDE /* IceOAuthCredential.m in Sources */,
				9A8225DC1D5087CF00CBFF0D /* TLCityPickerSearchResultController.m in Sources */,
				9A2D9B471D41DD1B00A2CB96 /* SSKeychainQuery.m in Sources */,
				9A8DFEAF1D38C80F00002AE7 /* SignupViewController.m in Sources */,
				9A8225F81D53394900CBFF0D /* PlanlistTableViewCell.m in Sources */,
				9A8225DF1D51BEA600CBFF0D /* BaseViewController.m in Sources */,
				9A8DFE241D372A5200002AE7 /* PlanViewController.m in Sources */,
				9AC777651D3F5C120041CA1D /* AFAppDotNetAPIClient.m in Sources */,
				9A5D9A591D4B467C0050F1B2 /* AddUserInfoStep2ViewController.m in Sources */,
				9A8226011D587BC100CBFF0D /* AMapTipAnnotation.m in Sources */,
				9A8225DA1D5087CF00CBFF0D /* TLCityHeaderView.m in Sources */,
				9A8DFE1B1D362FAF00002AE7 /* MainTabController.m in Sources */,
				9A8225D91D5087CF00CBFF0D /* TLCityGroupCell.m in Sources */,
				9AFB5D581D6584FD00A3891D /* ModelTrip.m in Sources */,
				9A8225DB1D5087CF00CBFF0D /* TLCityPickerController.m in Sources */,
				9A8225D81D5087CF00CBFF0D /* TLCity.m in Sources */,
				9AE781101D36142C00CA40A5 /* AppDelegate.m in Sources */,
				9A8DFE281D375A0200002AE7 /* CalendarViewController.m in Sources */,
				9A12D1BC1D476A3300A2BCDE /* AddUserInfoStep1ViewController.m in Sources */,
				9A8DFE181D362E7100002AE7 /* PlanListViewController.m in Sources */,
				9A8DFEA61D3784D800002AE7 /* UserViewController.m in Sources */,
				9A8DFE151D36253E00002AE7 /* SearchViewController.m in Sources */,
				9AE7810D1D36142C00CA40A5 /* main.m in Sources */,
				9A8225FD1D58237100CBFF0D /* MapTableViewCell.m in Sources */,
				9A2D9B461D41DD1B00A2CB96 /* SSKeychain.m in Sources */,
			);
			runOnlyForDeploymentPostprocessing = 0;
		};
		9AE7811D1D36142C00CA40A5 /* Sources */ = {
			isa = PBXSourcesBuildPhase;
			buildActionMask = 2147483647;
			files = (
				9AE781261D36142C00CA40A5 /* eulertripTests.m in Sources */,
			);
			runOnlyForDeploymentPostprocessing = 0;
		};
		9AE781281D36142C00CA40A5 /* Sources */ = {
			isa = PBXSourcesBuildPhase;
			buildActionMask = 2147483647;
			files = (
				9AE781311D36142C00CA40A5 /* eulertripUITests.m in Sources */,
			);
			runOnlyForDeploymentPostprocessing = 0;
		};
/* End PBXSourcesBuildPhase section */

/* Begin PBXTargetDependency section */
		9AE781231D36142C00CA40A5 /* PBXTargetDependency */ = {
			isa = PBXTargetDependency;
			target = 9AE781071D36142C00CA40A5 /* eulertrip */;
			targetProxy = 9AE781221D36142C00CA40A5 /* PBXContainerItemProxy */;
		};
		9AE7812E1D36142C00CA40A5 /* PBXTargetDependency */ = {
			isa = PBXTargetDependency;
			target = 9AE781071D36142C00CA40A5 /* eulertrip */;
			targetProxy = 9AE7812D1D36142C00CA40A5 /* PBXContainerItemProxy */;
		};
/* End PBXTargetDependency section */

/* Begin PBXVariantGroup section */
		9AE781141D36142C00CA40A5 /* Main.storyboard */ = {
			isa = PBXVariantGroup;
			children = (
				9AE781151D36142C00CA40A5 /* Base */,
			);
			name = Main.storyboard;
			sourceTree = "<group>";
		};
		9AE781191D36142C00CA40A5 /* LaunchScreen.storyboard */ = {
			isa = PBXVariantGroup;
			children = (
				9AE7811A1D36142C00CA40A5 /* Base */,
			);
			name = LaunchScreen.storyboard;
			sourceTree = "<group>";
		};
/* End PBXVariantGroup section */

/* Begin XCBuildConfiguration section */
		9AE781331D36142C00CA40A5 /* Debug */ = {
			isa = XCBuildConfiguration;
			buildSettings = {
				ALWAYS_SEARCH_USER_PATHS = NO;
				CLANG_ANALYZER_NONNULL = YES;
				CLANG_CXX_LANGUAGE_STANDARD = "gnu++0x";
				CLANG_CXX_LIBRARY = "libc++";
				CLANG_ENABLE_MODULES = YES;
				CLANG_ENABLE_OBJC_ARC = YES;
				CLANG_WARN_BOOL_CONVERSION = YES;
				CLANG_WARN_CONSTANT_CONVERSION = YES;
				CLANG_WARN_DIRECT_OBJC_ISA_USAGE = YES_ERROR;
				CLANG_WARN_EMPTY_BODY = YES;
				CLANG_WARN_ENUM_CONVERSION = YES;
				CLANG_WARN_INT_CONVERSION = YES;
				CLANG_WARN_OBJC_ROOT_CLASS = YES_ERROR;
				CLANG_WARN_UNREACHABLE_CODE = YES;
				CLANG_WARN__DUPLICATE_METHOD_MATCH = YES;
				CODE_SIGN_IDENTITY = "iPhone Developer: Yuandong Cheng (439KC3Z3C2)";
				"CODE_SIGN_IDENTITY[sdk=iphoneos*]" = "iPhone Developer: Yuandong Cheng (439KC3Z3C2)";
				COPY_PHASE_STRIP = NO;
				DEBUG_INFORMATION_FORMAT = dwarf;
				ENABLE_STRICT_OBJC_MSGSEND = YES;
				ENABLE_TESTABILITY = YES;
				GCC_C_LANGUAGE_STANDARD = gnu99;
				GCC_DYNAMIC_NO_PIC = NO;
				GCC_NO_COMMON_BLOCKS = YES;
				GCC_OPTIMIZATION_LEVEL = 0;
				GCC_PREPROCESSOR_DEFINITIONS = (
					"DEBUG=1",
					"$(inherited)",
				);
				GCC_WARN_64_TO_32_BIT_CONVERSION = YES;
				GCC_WARN_ABOUT_RETURN_TYPE = YES_ERROR;
				GCC_WARN_UNDECLARED_SELECTOR = YES;
				GCC_WARN_UNINITIALIZED_AUTOS = YES_AGGRESSIVE;
				GCC_WARN_UNUSED_FUNCTION = YES;
				GCC_WARN_UNUSED_VARIABLE = YES;
				IPHONEOS_DEPLOYMENT_TARGET = 9.3;
				MTL_ENABLE_DEBUG_INFO = YES;
				ONLY_ACTIVE_ARCH = YES;
				SDKROOT = iphoneos;
			};
			name = Debug;
		};
		9AE781341D36142C00CA40A5 /* Release */ = {
			isa = XCBuildConfiguration;
			buildSettings = {
				ALWAYS_SEARCH_USER_PATHS = NO;
				CLANG_ANALYZER_NONNULL = YES;
				CLANG_CXX_LANGUAGE_STANDARD = "gnu++0x";
				CLANG_CXX_LIBRARY = "libc++";
				CLANG_ENABLE_MODULES = YES;
				CLANG_ENABLE_OBJC_ARC = YES;
				CLANG_WARN_BOOL_CONVERSION = YES;
				CLANG_WARN_CONSTANT_CONVERSION = YES;
				CLANG_WARN_DIRECT_OBJC_ISA_USAGE = YES_ERROR;
				CLANG_WARN_EMPTY_BODY = YES;
				CLANG_WARN_ENUM_CONVERSION = YES;
				CLANG_WARN_INT_CONVERSION = YES;
				CLANG_WARN_OBJC_ROOT_CLASS = YES_ERROR;
				CLANG_WARN_UNREACHABLE_CODE = YES;
				CLANG_WARN__DUPLICATE_METHOD_MATCH = YES;
				CODE_SIGN_IDENTITY = "iPhone Distribution: Yuandong Cheng (EP2G57R8EK)";
				"CODE_SIGN_IDENTITY[sdk=iphoneos*]" = "iPhone Distribution: Yuandong Cheng (EP2G57R8EK)";
				COPY_PHASE_STRIP = NO;
				DEBUG_INFORMATION_FORMAT = "dwarf-with-dsym";
				ENABLE_NS_ASSERTIONS = NO;
				ENABLE_STRICT_OBJC_MSGSEND = YES;
				GCC_C_LANGUAGE_STANDARD = gnu99;
				GCC_NO_COMMON_BLOCKS = YES;
				GCC_WARN_64_TO_32_BIT_CONVERSION = YES;
				GCC_WARN_ABOUT_RETURN_TYPE = YES_ERROR;
				GCC_WARN_UNDECLARED_SELECTOR = YES;
				GCC_WARN_UNINITIALIZED_AUTOS = YES_AGGRESSIVE;
				GCC_WARN_UNUSED_FUNCTION = YES;
				GCC_WARN_UNUSED_VARIABLE = YES;
				IPHONEOS_DEPLOYMENT_TARGET = 9.3;
				MTL_ENABLE_DEBUG_INFO = NO;
				SDKROOT = iphoneos;
				VALIDATE_PRODUCT = YES;
			};
			name = Release;
		};
		9AE781361D36142C00CA40A5 /* Debug */ = {
			isa = XCBuildConfiguration;
			baseConfigurationReference = CD123FF977C7F23D3AFCAD5A /* Pods-eulertrip.debug.xcconfig */;
			buildSettings = {
				ASSETCATALOG_COMPILER_APPICON_NAME = AppIcon;
				CODE_SIGN_IDENTITY = "iPhone Developer";
				"CODE_SIGN_IDENTITY[sdk=iphoneos*]" = "iPhone Developer";
				ENABLE_BITCODE = NO;
				INFOPLIST_FILE = eulertrip/Info.plist;
				IPHONEOS_DEPLOYMENT_TARGET = 8.4;
				LD_RUNPATH_SEARCH_PATHS = "$(inherited) @executable_path/Frameworks";
				PRODUCT_BUNDLE_IDENTIFIER = com.eulertrip.iosapp;
				PRODUCT_NAME = "$(TARGET_NAME)";
				PROVISIONING_PROFILE = "";
			};
			name = Debug;
		};
		9AE781371D36142C00CA40A5 /* Release */ = {
			isa = XCBuildConfiguration;
			baseConfigurationReference = 03E25CBC9BB2CF4F7EA55363 /* Pods-eulertrip.release.xcconfig */;
			buildSettings = {
				ASSETCATALOG_COMPILER_APPICON_NAME = AppIcon;
				CODE_SIGN_IDENTITY = "iPhone Developer";
				"CODE_SIGN_IDENTITY[sdk=iphoneos*]" = "iPhone Developer";
				ENABLE_BITCODE = NO;
				INFOPLIST_FILE = eulertrip/Info.plist;
				IPHONEOS_DEPLOYMENT_TARGET = 8.4;
				LD_RUNPATH_SEARCH_PATHS = "$(inherited) @executable_path/Frameworks";
				PRODUCT_BUNDLE_IDENTIFIER = com.eulertrip.iosapp;
				PRODUCT_NAME = "$(TARGET_NAME)";
				PROVISIONING_PROFILE = "";
			};
			name = Release;
		};
		9AE781391D36142C00CA40A5 /* Debug */ = {
			isa = XCBuildConfiguration;
			buildSettings = {
				BUNDLE_LOADER = "$(TEST_HOST)";
				INFOPLIST_FILE = eulertripTests/Info.plist;
				LD_RUNPATH_SEARCH_PATHS = "$(inherited) @executable_path/Frameworks @loader_path/Frameworks";
				PRODUCT_BUNDLE_IDENTIFIER = com.eulertripTests;
				PRODUCT_NAME = "$(TARGET_NAME)";
				TEST_HOST = "$(BUILT_PRODUCTS_DIR)/eulertrip.app/eulertrip";
			};
			name = Debug;
		};
		9AE7813A1D36142C00CA40A5 /* Release */ = {
			isa = XCBuildConfiguration;
			buildSettings = {
				BUNDLE_LOADER = "$(TEST_HOST)";
				INFOPLIST_FILE = eulertripTests/Info.plist;
				LD_RUNPATH_SEARCH_PATHS = "$(inherited) @executable_path/Frameworks @loader_path/Frameworks";
				PRODUCT_BUNDLE_IDENTIFIER = com.eulertripTests;
				PRODUCT_NAME = "$(TARGET_NAME)";
				TEST_HOST = "$(BUILT_PRODUCTS_DIR)/eulertrip.app/eulertrip";
			};
			name = Release;
		};
		9AE7813C1D36142C00CA40A5 /* Debug */ = {
			isa = XCBuildConfiguration;
			buildSettings = {
				INFOPLIST_FILE = eulertripUITests/Info.plist;
				LD_RUNPATH_SEARCH_PATHS = "$(inherited) @executable_path/Frameworks @loader_path/Frameworks";
				PRODUCT_BUNDLE_IDENTIFIER = com.eulertripUITests;
				PRODUCT_NAME = "$(TARGET_NAME)";
				TEST_TARGET_NAME = eulertrip;
			};
			name = Debug;
		};
		9AE7813D1D36142C00CA40A5 /* Release */ = {
			isa = XCBuildConfiguration;
			buildSettings = {
				INFOPLIST_FILE = eulertripUITests/Info.plist;
				LD_RUNPATH_SEARCH_PATHS = "$(inherited) @executable_path/Frameworks @loader_path/Frameworks";
				PRODUCT_BUNDLE_IDENTIFIER = com.eulertripUITests;
				PRODUCT_NAME = "$(TARGET_NAME)";
				TEST_TARGET_NAME = eulertrip;
			};
			name = Release;
		};
/* End XCBuildConfiguration section */

/* Begin XCConfigurationList section */
		9AE781031D36142C00CA40A5 /* Build configuration list for PBXProject "eulertrip" */ = {
			isa = XCConfigurationList;
			buildConfigurations = (
				9AE781331D36142C00CA40A5 /* Debug */,
				9AE781341D36142C00CA40A5 /* Release */,
			);
			defaultConfigurationIsVisible = 0;
			defaultConfigurationName = Release;
		};
		9AE781351D36142C00CA40A5 /* Build configuration list for PBXNativeTarget "eulertrip" */ = {
			isa = XCConfigurationList;
			buildConfigurations = (
				9AE781361D36142C00CA40A5 /* Debug */,
				9AE781371D36142C00CA40A5 /* Release */,
			);
			defaultConfigurationIsVisible = 0;
			defaultConfigurationName = Release;
		};
		9AE781381D36142C00CA40A5 /* Build configuration list for PBXNativeTarget "eulertripTests" */ = {
			isa = XCConfigurationList;
			buildConfigurations = (
				9AE781391D36142C00CA40A5 /* Debug */,
				9AE7813A1D36142C00CA40A5 /* Release */,
			);
			defaultConfigurationIsVisible = 0;
			defaultConfigurationName = Release;
		};
		9AE7813B1D36142C00CA40A5 /* Build configuration list for PBXNativeTarget "eulertripUITests" */ = {
			isa = XCConfigurationList;
			buildConfigurations = (
				9AE7813C1D36142C00CA40A5 /* Debug */,
				9AE7813D1D36142C00CA40A5 /* Release */,
			);
			defaultConfigurationIsVisible = 0;
			defaultConfigurationName = Release;
		};
/* End XCConfigurationList section */
	};
	rootObject = 9AE781001D36142C00CA40A5 /* Project object */;
}
